
Microsoft Visual Studio Solution File, Format Version 10.00
# Visual Studio 2008
Project("{FAE04EC0-301F-11D3-BF4B-00C04F79EFBC}") = "Tile", "Tile\Tile.csproj", "{26FEBDDD-CA5A-4F17-8C18-F19DD4ADC9BC}"
EndProject
Project("{FAE04EC0-301F-11D3-BF4B-00C04F79EFBC}") = "SelectionRect", "SelectionRect\SelectionRect.csproj", "{3BA05158-A2CE-4EF6-90C8-B18D9BEDE621}"
EndProject
Global
	GlobalSection(SolutionConfigurationPlatforms) = preSolution
		Debug|Any CPU = Debug|Any CPU
		Release|Any CPU = Release|Any CPU
	EndGlobalSection
	GlobalSection(ProjectConfigurationPlatforms) = postSolution
		{26FEBDDD-CA5A-4F17-8C18-F19DD4ADC9BC}.Debug|Any CPU.ActiveCfg = Debug|Any CPU
		{26FEBDDD-CA5A-4F17-8C18-F19DD4ADC9BC}.Debug|Any CPU.Build.0 = Debug|Any CPU
		{26FEBDDD-CA5A-4F17-8C18-F19DD4ADC9BC}.Release|Any CPU.ActiveCfg = Release|Any CPU
		{26FEBDDD-CA5A-4F17-8C18-F19DD4ADC9BC}.Release|Any CPU.Build.0 = Release|Any CPU
		{3BA05158-A2CE-4EF6-90C8-B18D9BEDE621}.Debug|Any CPU.ActiveCfg = Debug|Any CPU
		{3BA05158-A2CE-4EF6-90C8-B18D9BEDE621}.Debug|Any CPU.Build.0 = Debug|Any CPU
		{3BA05158-A2CE-4EF6-90C8-B18D9BEDE621}.Release|Any CPU.ActiveCfg = Release|Any CPU
		{3BA05158-A2CE-4EF6-90C8-B18D9BEDE621}.Release|Any CPU.Build.0 = Release|Any CPU
	EndGlobalSection
	GlobalSection(SolutionProperties) = preSolution
		HideSolutionNode = FALSE
	EndGlobalSection
EndGlobal
